
Microsoft Visual Studio Solution File, Format Version 12.00
# Visual Studio Version 17
Project("{2150E333-8FDC-42A3-9474-1A3956D46DE8}") = "HostingExamples", "HostingExamples", "{542329AE-3FAA-3786-BDC6-52E9C3C6CDB7}"
EndProject
Project("{2150E333-8FDC-42A3-9474-1A3956D46DE8}") = "Libraries", "Libraries", "{16DFADCB-A1BD-3D31-B482-6A239687681C}"
EndProject
Project("{2150E333-8FDC-42A3-9474-1A3956D46DE8}") = "Predefined", "Predefined", "{D6D835AC-1C11-33FF-99D5-D92569DDFD33}"
EndProject
Project("{2150E333-8FDC-42A3-9474-1A3956D46DE8}") = "Utilities", "Utilities", "{12F3BF82-FD2E-3725-9ADA-824A54C707D7}"
EndProject
Project("{8BC9CEB8-8B4A-11D0-8D11-00A0C91BC942}") = "kommodo", "kommodo.vcxproj", "{DC139838-8EC8-31C4-9DDE-B3211793F095}"
	ProjectSection(ProjectDependencies) = postProject
		{180E73BB-D079-324D-B680-B983C5AFDC66} = {180E73BB-D079-324D-B680-B983C5AFDC66}
		{9EF5E074-852B-378F-94B8-F024D1D271CA} = {9EF5E074-852B-378F-94B8-F024D1D271CA}
		{6EC9BBE0-1EBF-3F8A-847C-23D69B2C4E72} = {6EC9BBE0-1EBF-3F8A-847C-23D69B2C4E72}
		{CE0A1286-2729-3BDF-A73A-955B95F929F1} = {CE0A1286-2729-3BDF-A73A-955B95F929F1}
		{8A8F309B-8B53-3332-9881-F1826C8C599C} = {8A8F309B-8B53-3332-9881-F1826C8C599C}
		{15F64FDA-EA8B-3289-956E-A0CCB09CA751} = {15F64FDA-EA8B-3289-956E-A0CCB09CA751}
		{A67E5D59-93AB-36DD-9EEA-8EE004F21F43} = {A67E5D59-93AB-36DD-9EEA-8EE004F21F43}
		{E4614FCB-63FC-39E1-A04F-09394FBAC530} = {E4614FCB-63FC-39E1-A04F-09394FBAC530}
		{A1348EF6-A547-3BE0-80C4-3CEBF9FC8470} = {A1348EF6-A547-3BE0-80C4-3CEBF9FC8470}
		{0F3D9132-3F29-3DB2-B343-EDE7B2A16833} = {0F3D9132-3F29-3DB2-B343-EDE7B2A16833}
	EndProjectSection
EndProject
Project("{8BC9CEB8-8B4A-11D0-8D11-00A0C91BC942}") = "ALL_BUILD", "ALL_BUILD.vcxproj", "{C3E4DE9F-E027-346E-A77A-FFA79A1F7175}"
	ProjectSection(ProjectDependencies) = postProject
		{1F8177B1-2FCA-3D8E-8994-2D4CAD4EE4BE} = {1F8177B1-2FCA-3D8E-8994-2D4CAD4EE4BE}
		{180E73BB-D079-324D-B680-B983C5AFDC66} = {180E73BB-D079-324D-B680-B983C5AFDC66}
		{9EF5E074-852B-378F-94B8-F024D1D271CA} = {9EF5E074-852B-378F-94B8-F024D1D271CA}
		{DC139838-8EC8-31C4-9DDE-B3211793F095} = {DC139838-8EC8-31C4-9DDE-B3211793F095}
		{6EC9BBE0-1EBF-3F8A-847C-23D69B2C4E72} = {6EC9BBE0-1EBF-3F8A-847C-23D69B2C4E72}
		{CE0A1286-2729-3BDF-A73A-955B95F929F1} = {CE0A1286-2729-3BDF-A73A-955B95F929F1}
		{8A8F309B-8B53-3332-9881-F1826C8C599C} = {8A8F309B-8B53-3332-9881-F1826C8C599C}
		{15F64FDA-EA8B-3289-956E-A0CCB09CA751} = {15F64FDA-EA8B-3289-956E-A0CCB09CA751}
		{680DA077-DB0A-3723-8355-4E8AB4E984CB} = {680DA077-DB0A-3723-8355-4E8AB4E984CB}
		{A67E5D59-93AB-36DD-9EEA-8EE004F21F43} = {A67E5D59-93AB-36DD-9EEA-8EE004F21F43}
		{E4614FCB-63FC-39E1-A04F-09394FBAC530} = {E4614FCB-63FC-39E1-A04F-09394FBAC530}
		{66B108EC-1639-30DD-92F1-7A90975E0872} = {66B108EC-1639-30DD-92F1-7A90975E0872}
		{A1348EF6-A547-3BE0-80C4-3CEBF9FC8470} = {A1348EF6-A547-3BE0-80C4-3CEBF9FC8470}
		{0F3D9132-3F29-3DB2-B343-EDE7B2A16833} = {0F3D9132-3F29-3DB2-B343-EDE7B2A16833}
	EndProjectSection
EndProject
Project("{8BC9CEB8-8B4A-11D0-8D11-00A0C91BC942}") = "VST3Inspector", "vst3sdk\public.sdk\samples\vst-hosting\inspectorapp\VST3Inspector.vcxproj", "{1F8177B1-2FCA-3D8E-8994-2D4CAD4EE4BE}"
	ProjectSection(ProjectDependencies) = postProject
		{180E73BB-D079-324D-B680-B983C5AFDC66} = {180E73BB-D079-324D-B680-B983C5AFDC66}
		{E4614FCB-63FC-39E1-A04F-09394FBAC530} = {E4614FCB-63FC-39E1-A04F-09394FBAC530}
		{66B108EC-1639-30DD-92F1-7A90975E0872} = {66B108EC-1639-30DD-92F1-7A90975E0872}
		{0F3D9132-3F29-3DB2-B343-EDE7B2A16833} = {0F3D9132-3F29-3DB2-B343-EDE7B2A16833}
	EndProjectSection
EndProject
Project("{8BC9CEB8-8B4A-11D0-8D11-00A0C91BC942}") = "ZERO_CHECK", "ZERO_CHECK.vcxproj", "{180E73BB-D079-324D-B680-B983C5AFDC66}"
	ProjectSection(ProjectDependencies) = postProject
	EndProjectSection
EndProject
Project("{8BC9CEB8-8B4A-11D0-8D11-00A0C91BC942}") = "base", "vst3sdk\base\base.vcxproj", "{9EF5E074-852B-378F-94B8-F024D1D271CA}"
	ProjectSection(ProjectDependencies) = postProject
		{180E73BB-D079-324D-B680-B983C5AFDC66} = {180E73BB-D079-324D-B680-B983C5AFDC66}
	EndProjectSection
EndProject
Project("{8BC9CEB8-8B4A-11D0-8D11-00A0C91BC942}") = "cmake_VST_modules", "vst3sdk\cmake_VST_modules.vcxproj", "{E819AC22-64E9-32CA-9363-0CE8723C5CCE}"
	ProjectSection(ProjectDependencies) = postProject
		{180E73BB-D079-324D-B680-B983C5AFDC66} = {180E73BB-D079-324D-B680-B983C5AFDC66}
	EndProjectSection
EndProject
Project("{8BC9CEB8-8B4A-11D0-8D11-00A0C91BC942}") = "cmake_modules", "vst3sdk\cmake_modules.vcxproj", "{6E7D7F84-CFB9-391C-93A9-31830C084275}"
	ProjectSection(ProjectDependencies) = postProject
		{180E73BB-D079-324D-B680-B983C5AFDC66} = {180E73BB-D079-324D-B680-B983C5AFDC66}
	EndProjectSection
EndProject
Project("{8BC9CEB8-8B4A-11D0-8D11-00A0C91BC942}") = "moduleinfotool", "vst3sdk\public.sdk\samples\vst-utilities\moduleinfotool\moduleinfotool.vcxproj", "{6EC9BBE0-1EBF-3F8A-847C-23D69B2C4E72}"
	ProjectSection(ProjectDependencies) = postProject
		{180E73BB-D079-324D-B680-B983C5AFDC66} = {180E73BB-D079-324D-B680-B983C5AFDC66}
		{9EF5E074-852B-378F-94B8-F024D1D271CA} = {9EF5E074-852B-378F-94B8-F024D1D271CA}
		{CE0A1286-2729-3BDF-A73A-955B95F929F1} = {CE0A1286-2729-3BDF-A73A-955B95F929F1}
		{15F64FDA-EA8B-3289-956E-A0CCB09CA751} = {15F64FDA-EA8B-3289-956E-A0CCB09CA751}
		{680DA077-DB0A-3723-8355-4E8AB4E984CB} = {680DA077-DB0A-3723-8355-4E8AB4E984CB}
	EndProjectSection
EndProject
Project("{8BC9CEB8-8B4A-11D0-8D11-00A0C91BC942}") = "pluginterfaces", "vst3sdk\pluginterfaces\pluginterfaces.vcxproj", "{CE0A1286-2729-3BDF-A73A-955B95F929F1}"
	ProjectSection(ProjectDependencies) = postProject
		{180E73BB-D079-324D-B680-B983C5AFDC66} = {180E73BB-D079-324D-B680-B983C5AFDC66}
	EndProjectSection
EndProject
Project("{8BC9CEB8-8B4A-11D0-8D11-00A0C91BC942}") = "sdk", "vst3sdk\public.sdk\sdk.vcxproj", "{8A8F309B-8B53-3332-9881-F1826C8C599C}"
	ProjectSection(ProjectDependencies) = postProject
		{180E73BB-D079-324D-B680-B983C5AFDC66} = {180E73BB-D079-324D-B680-B983C5AFDC66}
		{9EF5E074-852B-378F-94B8-F024D1D271CA} = {9EF5E074-852B-378F-94B8-F024D1D271CA}
		{CE0A1286-2729-3BDF-A73A-955B95F929F1} = {CE0A1286-2729-3BDF-A73A-955B95F929F1}
		{15F64FDA-EA8B-3289-956E-A0CCB09CA751} = {15F64FDA-EA8B-3289-956E-A0CCB09CA751}
	EndProjectSection
EndProject
Project("{8BC9CEB8-8B4A-11D0-8D11-00A0C91BC942}") = "sdk_common", "vst3sdk\public.sdk\sdk_common.vcxproj", "{15F64FDA-EA8B-3289-956E-A0CCB09CA751}"
	ProjectSection(ProjectDependencies) = postProject
		{180E73BB-D079-324D-B680-B983C5AFDC66} = {180E73BB-D079-324D-B680-B983C5AFDC66}
		{9EF5E074-852B-378F-94B8-F024D1D271CA} = {9EF5E074-852B-378F-94B8-F024D1D271CA}
		{CE0A1286-2729-3BDF-A73A-955B95F929F1} = {CE0A1286-2729-3BDF-A73A-955B95F929F1}
	EndProjectSection
EndProject
Project("{8BC9CEB8-8B4A-11D0-8D11-00A0C91BC942}") = "sdk_hosting", "vst3sdk\public.sdk\sdk_hosting.vcxproj", "{680DA077-DB0A-3723-8355-4E8AB4E984CB}"
	ProjectSection(ProjectDependencies) = postProject
		{180E73BB-D079-324D-B680-B983C5AFDC66} = {180E73BB-D079-324D-B680-B983C5AFDC66}
		{9EF5E074-852B-378F-94B8-F024D1D271CA} = {9EF5E074-852B-378F-94B8-F024D1D271CA}
		{CE0A1286-2729-3BDF-A73A-955B95F929F1} = {CE0A1286-2729-3BDF-A73A-955B95F929F1}
		{15F64FDA-EA8B-3289-956E-A0CCB09CA751} = {15F64FDA-EA8B-3289-956E-A0CCB09CA751}
	EndProjectSection
EndProject
Project("{8BC9CEB8-8B4A-11D0-8D11-00A0C91BC942}") = "validator", "vst3sdk\public.sdk\samples\vst-hosting\validator\validator.vcxproj", "{A67E5D59-93AB-36DD-9EEA-8EE004F21F43}"
	ProjectSection(ProjectDependencies) = postProject
		{180E73BB-D079-324D-B680-B983C5AFDC66} = {180E73BB-D079-324D-B680-B983C5AFDC66}
		{9EF5E074-852B-378F-94B8-F024D1D271CA} = {9EF5E074-852B-378F-94B8-F024D1D271CA}
		{CE0A1286-2729-3BDF-A73A-955B95F929F1} = {CE0A1286-2729-3BDF-A73A-955B95F929F1}
		{15F64FDA-EA8B-3289-956E-A0CCB09CA751} = {15F64FDA-EA8B-3289-956E-A0CCB09CA751}
		{680DA077-DB0A-3723-8355-4E8AB4E984CB} = {680DA077-DB0A-3723-8355-4E8AB4E984CB}
	EndProjectSection
EndProject
Project("{8BC9CEB8-8B4A-11D0-8D11-00A0C91BC942}") = "vstgui", "vst3sdk\VSTGUI.build\vstgui\lib\vstgui.vcxproj", "{E4614FCB-63FC-39E1-A04F-09394FBAC530}"
	ProjectSection(ProjectDependencies) = postProject
		{180E73BB-D079-324D-B680-B983C5AFDC66} = {180E73BB-D079-324D-B680-B983C5AFDC66}
	EndProjectSection
EndProject
Project("{8BC9CEB8-8B4A-11D0-8D11-00A0C91BC942}") = "vstgui_standalone", "vst3sdk\VSTGUI.build\vstgui\standalone\vstgui_standalone.vcxproj", "{66B108EC-1639-30DD-92F1-7A90975E0872}"
	ProjectSection(ProjectDependencies) = postProject
		{180E73BB-D079-324D-B680-B983C5AFDC66} = {180E73BB-D079-324D-B680-B983C5AFDC66}
	EndProjectSection
EndProject
Project("{8BC9CEB8-8B4A-11D0-8D11-00A0C91BC942}") = "vstgui_support", "vst3sdk\vstgui_support.vcxproj", "{A1348EF6-A547-3BE0-80C4-3CEBF9FC8470}"
	ProjectSection(ProjectDependencies) = postProject
		{180E73BB-D079-324D-B680-B983C5AFDC66} = {180E73BB-D079-324D-B680-B983C5AFDC66}
		{9EF5E074-852B-378F-94B8-F024D1D271CA} = {9EF5E074-852B-378F-94B8-F024D1D271CA}
		{E4614FCB-63FC-39E1-A04F-09394FBAC530} = {E4614FCB-63FC-39E1-A04F-09394FBAC530}
		{0F3D9132-3F29-3DB2-B343-EDE7B2A16833} = {0F3D9132-3F29-3DB2-B343-EDE7B2A16833}
	EndProjectSection
EndProject
Project("{8BC9CEB8-8B4A-11D0-8D11-00A0C91BC942}") = "vstgui_uidescription", "vst3sdk\VSTGUI.build\vstgui\uidescription\vstgui_uidescription.vcxproj", "{0F3D9132-3F29-3DB2-B343-EDE7B2A16833}"
	ProjectSection(ProjectDependencies) = postProject
		{180E73BB-D079-324D-B680-B983C5AFDC66} = {180E73BB-D079-324D-B680-B983C5AFDC66}
		{E4614FCB-63FC-39E1-A04F-09394FBAC530} = {E4614FCB-63FC-39E1-A04F-09394FBAC530}
	EndProjectSection
EndProject
Global
	GlobalSection(SolutionConfigurationPlatforms) = preSolution
		Debug|x64 = Debug|x64
		Release|x64 = Release|x64
	EndGlobalSection
	GlobalSection(ProjectConfigurationPlatforms) = postSolution
		{DC139838-8EC8-31C4-9DDE-B3211793F095}.Debug|x64.ActiveCfg = Debug|x64
		{DC139838-8EC8-31C4-9DDE-B3211793F095}.Debug|x64.Build.0 = Debug|x64
		{DC139838-8EC8-31C4-9DDE-B3211793F095}.Release|x64.ActiveCfg = Release|x64
		{DC139838-8EC8-31C4-9DDE-B3211793F095}.Release|x64.Build.0 = Release|x64
		{C3E4DE9F-E027-346E-A77A-FFA79A1F7175}.Debug|x64.ActiveCfg = Debug|x64
		{C3E4DE9F-E027-346E-A77A-FFA79A1F7175}.Release|x64.ActiveCfg = Release|x64
		{1F8177B1-2FCA-3D8E-8994-2D4CAD4EE4BE}.Debug|x64.ActiveCfg = Debug|x64
		{1F8177B1-2FCA-3D8E-8994-2D4CAD4EE4BE}.Debug|x64.Build.0 = Debug|x64
		{1F8177B1-2FCA-3D8E-8994-2D4CAD4EE4BE}.Release|x64.ActiveCfg = Release|x64
		{1F8177B1-2FCA-3D8E-8994-2D4CAD4EE4BE}.Release|x64.Build.0 = Release|x64
		{180E73BB-D079-324D-B680-B983C5AFDC66}.Debug|x64.ActiveCfg = Debug|x64
		{180E73BB-D079-324D-B680-B983C5AFDC66}.Debug|x64.Build.0 = Debug|x64
		{180E73BB-D079-324D-B680-B983C5AFDC66}.Release|x64.ActiveCfg = Release|x64
		{180E73BB-D079-324D-B680-B983C5AFDC66}.Release|x64.Build.0 = Release|x64
		{9EF5E074-852B-378F-94B8-F024D1D271CA}.Debug|x64.ActiveCfg = Debug|x64
		{9EF5E074-852B-378F-94B8-F024D1D271CA}.Debug|x64.Build.0 = Debug|x64
		{9EF5E074-852B-378F-94B8-F024D1D271CA}.Release|x64.ActiveCfg = Release|x64
		{9EF5E074-852B-378F-94B8-F024D1D271CA}.Release|x64.Build.0 = Release|x64
		{E819AC22-64E9-32CA-9363-0CE8723C5CCE}.Debug|x64.ActiveCfg = Debug|x64
		{E819AC22-64E9-32CA-9363-0CE8723C5CCE}.Release|x64.ActiveCfg = Release|x64
		{6E7D7F84-CFB9-391C-93A9-31830C084275}.Debug|x64.ActiveCfg = Debug|x64
		{6E7D7F84-CFB9-391C-93A9-31830C084275}.Release|x64.ActiveCfg = Release|x64
		{6EC9BBE0-1EBF-3F8A-847C-23D69B2C4E72}.Debug|x64.ActiveCfg = Debug|x64
		{6EC9BBE0-1EBF-3F8A-847C-23D69B2C4E72}.Debug|x64.Build.0 = Debug|x64
		{6EC9BBE0-1EBF-3F8A-847C-23D69B2C4E72}.Release|x64.ActiveCfg = Release|x64
		{6EC9BBE0-1EBF-3F8A-847C-23D69B2C4E72}.Release|x64.Build.0 = Release|x64
		{CE0A1286-2729-3BDF-A73A-955B95F929F1}.Debug|x64.ActiveCfg = Debug|x64
		{CE0A1286-2729-3BDF-A73A-955B95F929F1}.Debug|x64.Build.0 = Debug|x64
		{CE0A1286-2729-3BDF-A73A-955B95F929F1}.Release|x64.ActiveCfg = Release|x64
		{CE0A1286-2729-3BDF-A73A-955B95F929F1}.Release|x64.Build.0 = Release|x64
		{8A8F309B-8B53-3332-9881-F1826C8C599C}.Debug|x64.ActiveCfg = Debug|x64
		{8A8F309B-8B53-3332-9881-F1826C8C599C}.Debug|x64.Build.0 = Debug|x64
		{8A8F309B-8B53-3332-9881-F1826C8C599C}.Release|x64.ActiveCfg = Release|x64
		{8A8F309B-8B53-3332-9881-F1826C8C599C}.Release|x64.Build.0 = Release|x64
		{15F64FDA-EA8B-3289-956E-A0CCB09CA751}.Debug|x64.ActiveCfg = Debug|x64
		{15F64FDA-EA8B-3289-956E-A0CCB09CA751}.Debug|x64.Build.0 = Debug|x64
		{15F64FDA-EA8B-3289-956E-A0CCB09CA751}.Release|x64.ActiveCfg = Release|x64
		{15F64FDA-EA8B-3289-956E-A0CCB09CA751}.Release|x64.Build.0 = Release|x64
		{680DA077-DB0A-3723-8355-4E8AB4E984CB}.Debug|x64.ActiveCfg = Debug|x64
		{680DA077-DB0A-3723-8355-4E8AB4E984CB}.Debug|x64.Build.0 = Debug|x64
		{680DA077-DB0A-3723-8355-4E8AB4E984CB}.Release|x64.ActiveCfg = Release|x64
		{680DA077-DB0A-3723-8355-4E8AB4E984CB}.Release|x64.Build.0 = Release|x64
		{A67E5D59-93AB-36DD-9EEA-8EE004F21F43}.Debug|x64.ActiveCfg = Debug|x64
		{A67E5D59-93AB-36DD-9EEA-8EE004F21F43}.Debug|x64.Build.0 = Debug|x64
		{A67E5D59-93AB-36DD-9EEA-8EE004F21F43}.Release|x64.ActiveCfg = Release|x64
		{A67E5D59-93AB-36DD-9EEA-8EE004F21F43}.Release|x64.Build.0 = Release|x64
		{E4614FCB-63FC-39E1-A04F-09394FBAC530}.Debug|x64.ActiveCfg = Debug|x64
		{E4614FCB-63FC-39E1-A04F-09394FBAC530}.Debug|x64.Build.0 = Debug|x64
		{E4614FCB-63FC-39E1-A04F-09394FBAC530}.Release|x64.ActiveCfg = Release|x64
		{E4614FCB-63FC-39E1-A04F-09394FBAC530}.Release|x64.Build.0 = Release|x64
		{66B108EC-1639-30DD-92F1-7A90975E0872}.Debug|x64.ActiveCfg = Debug|x64
		{66B108EC-1639-30DD-92F1-7A90975E0872}.Debug|x64.Build.0 = Debug|x64
		{66B108EC-1639-30DD-92F1-7A90975E0872}.Release|x64.ActiveCfg = Release|x64
		{66B108EC-1639-30DD-92F1-7A90975E0872}.Release|x64.Build.0 = Release|x64
		{A1348EF6-A547-3BE0-80C4-3CEBF9FC8470}.Debug|x64.ActiveCfg = Debug|x64
		{A1348EF6-A547-3BE0-80C4-3CEBF9FC8470}.Debug|x64.Build.0 = Debug|x64
		{A1348EF6-A547-3BE0-80C4-3CEBF9FC8470}.Release|x64.ActiveCfg = Release|x64
		{A1348EF6-A547-3BE0-80C4-3CEBF9FC8470}.Release|x64.Build.0 = Release|x64
		{0F3D9132-3F29-3DB2-B343-EDE7B2A16833}.Debug|x64.ActiveCfg = Debug|x64
		{0F3D9132-3F29-3DB2-B343-EDE7B2A16833}.Debug|x64.Build.0 = Debug|x64
		{0F3D9132-3F29-3DB2-B343-EDE7B2A16833}.Release|x64.ActiveCfg = Release|x64
		{0F3D9132-3F29-3DB2-B343-EDE7B2A16833}.Release|x64.Build.0 = Release|x64
	EndGlobalSection
	GlobalSection(NestedProjects) = preSolution
		{1F8177B1-2FCA-3D8E-8994-2D4CAD4EE4BE} = {542329AE-3FAA-3786-BDC6-52E9C3C6CDB7}
		{A67E5D59-93AB-36DD-9EEA-8EE004F21F43} = {542329AE-3FAA-3786-BDC6-52E9C3C6CDB7}
		{9EF5E074-852B-378F-94B8-F024D1D271CA} = {16DFADCB-A1BD-3D31-B482-6A239687681C}
		{E819AC22-64E9-32CA-9363-0CE8723C5CCE} = {16DFADCB-A1BD-3D31-B482-6A239687681C}
		{6E7D7F84-CFB9-391C-93A9-31830C084275} = {16DFADCB-A1BD-3D31-B482-6A239687681C}
		{CE0A1286-2729-3BDF-A73A-955B95F929F1} = {16DFADCB-A1BD-3D31-B482-6A239687681C}
		{8A8F309B-8B53-3332-9881-F1826C8C599C} = {16DFADCB-A1BD-3D31-B482-6A239687681C}
		{15F64FDA-EA8B-3289-956E-A0CCB09CA751} = {16DFADCB-A1BD-3D31-B482-6A239687681C}
		{680DA077-DB0A-3723-8355-4E8AB4E984CB} = {16DFADCB-A1BD-3D31-B482-6A239687681C}
		{E4614FCB-63FC-39E1-A04F-09394FBAC530} = {16DFADCB-A1BD-3D31-B482-6A239687681C}
		{66B108EC-1639-30DD-92F1-7A90975E0872} = {16DFADCB-A1BD-3D31-B482-6A239687681C}
		{A1348EF6-A547-3BE0-80C4-3CEBF9FC8470} = {16DFADCB-A1BD-3D31-B482-6A239687681C}
		{0F3D9132-3F29-3DB2-B343-EDE7B2A16833} = {16DFADCB-A1BD-3D31-B482-6A239687681C}
		{C3E4DE9F-E027-346E-A77A-FFA79A1F7175} = {D6D835AC-1C11-33FF-99D5-D92569DDFD33}
		{180E73BB-D079-324D-B680-B983C5AFDC66} = {D6D835AC-1C11-33FF-99D5-D92569DDFD33}
		{6EC9BBE0-1EBF-3F8A-847C-23D69B2C4E72} = {12F3BF82-FD2E-3725-9ADA-824A54C707D7}
	EndGlobalSection
	GlobalSection(ExtensibilityGlobals) = postSolution
		SolutionGuid = {51A046EF-AC90-3301-9E1B-C741BE8EAEC3}
	EndGlobalSection
	GlobalSection(ExtensibilityAddIns) = postSolution
	EndGlobalSection
EndGlobal
